
Microsoft Visual Studio Solution File, Format Version 12.00
# Visual Studio Version 17
VisualStudioVersion = 17.6.33723.286
MinimumVisualStudioVersion = 10.0.40219.1
Project("{FAE04EC0-301F-11D3-BF4B-00C04F79EFBC}") = "DZ_3", "DZ_3\DZ_3.csproj", "{EE4EE170-F416-4863-A30D-D4D07CF26F37}"
EndProject
Global
	GlobalSection(SolutionConfigurationPlatforms) = preSolution
		Debug|Any CPU = Debug|Any CPU
		Release|Any CPU = Release|Any CPU
	EndGlobalSection
	GlobalSection(ProjectConfigurationPlatforms) = postSolution
		{EE4EE170-F416-4863-A30D-D4D07CF26F37}.Debug|Any CPU.ActiveCfg = Debug|Any CPU
		{EE4EE170-F416-4863-A30D-D4D07CF26F37}.Debug|Any CPU.Build.0 = Debug|Any CPU
		{EE4EE170-F416-4863-A30D-D4D07CF26F37}.Release|Any CPU.ActiveCfg = Release|Any CPU
		{EE4EE170-F416-4863-A30D-D4D07CF26F37}.Release|Any CPU.Build.0 = Release|Any CPU
	EndGlobalSection
	GlobalSection(SolutionProperties) = preSolution
		HideSolutionNode = FALSE
	EndGlobalSection
	GlobalSection(ExtensibilityGlobals) = postSolution
		SolutionGuid = {0F41CAB0-1FC1-4FD6-A078-A5A5667755D5}
	EndGlobalSection
EndGlobal
